
Microsoft Visual Studio Solution File, Format Version 12.00
# Visual Studio Version 16
VisualStudioVersion = 16.0.28729.10
MinimumVisualStudioVersion = 10.0.40219.1
Project("{FAE04EC0-301F-11D3-BF4B-00C04F79EFBC}") = "BlindfoldTrainer", "BlindfoldTrainer\BlindfoldTrainer.csproj", "{2419BA83-CFFC-4884-9C1D-A623648B944A}"
EndProject
Project("{930C7802-8A8C-48F9-8165-68863BCCD9DD}") = "TrainerInstaller", "TrainerInstaller\TrainerInstaller.wixproj", "{960197E5-5464-4475-AA94-E5FCB9719AC2}"
EndProject
Global
	GlobalSection(SolutionConfigurationPlatforms) = preSolution
		Debug|Any CPU = Debug|Any CPU
		Debug|x86 = Debug|x86
		Release|Any CPU = Release|Any CPU
		Release|x86 = Release|x86
	EndGlobalSection
	GlobalSection(ProjectConfigurationPlatforms) = postSolution
		{2419BA83-CFFC-4884-9C1D-A623648B944A}.Debug|Any CPU.ActiveCfg = Debug|Any CPU
		{2419BA83-CFFC-4884-9C1D-A623648B944A}.Debug|Any CPU.Build.0 = Debug|Any CPU
		{2419BA83-CFFC-4884-9C1D-A623648B944A}.Debug|x86.ActiveCfg = Debug|Any CPU
		{2419BA83-CFFC-4884-9C1D-A623648B944A}.Debug|x86.Build.0 = Debug|Any CPU
		{2419BA83-CFFC-4884-9C1D-A623648B944A}.Release|Any CPU.ActiveCfg = Release|Any CPU
		{2419BA83-CFFC-4884-9C1D-A623648B944A}.Release|Any CPU.Build.0 = Release|Any CPU
		{2419BA83-CFFC-4884-9C1D-A623648B944A}.Release|x86.ActiveCfg = Release|Any CPU
		{2419BA83-CFFC-4884-9C1D-A623648B944A}.Release|x86.Build.0 = Release|Any CPU
		{960197E5-5464-4475-AA94-E5FCB9719AC2}.Debug|Any CPU.ActiveCfg = Debug|x86
		{960197E5-5464-4475-AA94-E5FCB9719AC2}.Debug|Any CPU.Build.0 = Debug|x86
		{960197E5-5464-4475-AA94-E5FCB9719AC2}.Debug|x86.ActiveCfg = Debug|x86
		{960197E5-5464-4475-AA94-E5FCB9719AC2}.Debug|x86.Build.0 = Debug|x86
		{960197E5-5464-4475-AA94-E5FCB9719AC2}.Release|Any CPU.ActiveCfg = Release|x86
		{960197E5-5464-4475-AA94-E5FCB9719AC2}.Release|x86.ActiveCfg = Release|x86
		{960197E5-5464-4475-AA94-E5FCB9719AC2}.Release|x86.Build.0 = Release|x86
	EndGlobalSection
	GlobalSection(SolutionProperties) = preSolution
		HideSolutionNode = FALSE
	EndGlobalSection
	GlobalSection(ExtensibilityGlobals) = postSolution
		SolutionGuid = {C67D8A12-01CA-45FF-A6AD-36EFC11B832F}
	EndGlobalSection
EndGlobal
