
Microsoft Visual Studio Solution File, Format Version 12.00
# Visual Studio Version 16
VisualStudioVersion = 16.0.28729.10
MinimumVisualStudioVersion = 10.0.40219.1
Project("{FAE04EC0-301F-11D3-BF4B-00C04F79EFBC}") = "BlindfoldTrainer", "BlindfoldTrainer\BlindfoldTrainer.csproj", "{2419BA83-CFFC-4884-9C1D-A623648B944A}"
EndProject
Global
	GlobalSection(SolutionConfigurationPlatforms) = preSolution
		Debug|Any CPU = Debug|Any CPU
		Release|Any CPU = Release|Any CPU
	EndGlobalSection
	GlobalSection(ProjectConfigurationPlatforms) = postSolution
		{2419BA83-CFFC-4884-9C1D-A623648B944A}.Debug|Any CPU.ActiveCfg = Debug|Any CPU
		{2419BA83-CFFC-4884-9C1D-A623648B944A}.Debug|Any CPU.Build.0 = Debug|Any CPU
		{2419BA83-CFFC-4884-9C1D-A623648B944A}.Release|Any CPU.ActiveCfg = Release|Any CPU
		{2419BA83-CFFC-4884-9C1D-A623648B944A}.Release|Any CPU.Build.0 = Release|Any CPU
	EndGlobalSection
	GlobalSection(SolutionProperties) = preSolution
		HideSolutionNode = FALSE
	EndGlobalSection
	GlobalSection(ExtensibilityGlobals) = postSolution
		SolutionGuid = {C67D8A12-01CA-45FF-A6AD-36EFC11B832F}
	EndGlobalSection
EndGlobal
